
Microsoft Visual Studio Solution File, Format Version 12.00
# Visual Studio 15
VisualStudioVersion = 15.0.27130.2024
MinimumVisualStudioVersion = 10.0.40219.1
Project("{2150E333-8FDC-42A3-9474-1A3956D46DE8}") = "Solution Items", "Solution Items", "{AB20E0B5-5CE6-4D3E-B687-6D0425A3BF8D}"
	ProjectSection(SolutionItems) = preProject
		..\.gitignore = ..\.gitignore
		..\LICENSE = ..\LICENSE
		..\README.md = ..\README.md
	EndProjectSection
EndProject
Project("{2150E333-8FDC-42A3-9474-1A3956D46DE8}") = "src", "src", "{677B1936-4907-43BC-B471-EA16D24CA449}"
EndProject
Project("{2150E333-8FDC-42A3-9474-1A3956D46DE8}") = "tests", "tests", "{0E501234-B42C-43F2-88D6-2428BBE2824C}"
EndProject
Project("{FAE04EC0-301F-11D3-BF4B-00C04F79EFBC}") = "Gherkin", "Gherkin\Gherkin.csproj", "{67E30A3F-06B8-4748-B32A-58639AA73C09}"
EndProject
Project("{FAE04EC0-301F-11D3-BF4B-00C04F79EFBC}") = "Gherkin.Tests", "Gherkin.Tests\Gherkin.Tests.csproj", "{10D13425-4AAB-43A5-BF03-D0D7E41861ED}"
EndProject
Global
	GlobalSection(SolutionConfigurationPlatforms) = preSolution
		Debug|Any CPU = Debug|Any CPU
		Release|Any CPU = Release|Any CPU
	EndGlobalSection
	GlobalSection(ProjectConfigurationPlatforms) = postSolution
		{67E30A3F-06B8-4748-B32A-58639AA73C09}.Debug|Any CPU.ActiveCfg = Debug|Any CPU
		{67E30A3F-06B8-4748-B32A-58639AA73C09}.Debug|Any CPU.Build.0 = Debug|Any CPU
		{67E30A3F-06B8-4748-B32A-58639AA73C09}.Release|Any CPU.ActiveCfg = Release|Any CPU
		{67E30A3F-06B8-4748-B32A-58639AA73C09}.Release|Any CPU.Build.0 = Release|Any CPU
		{10D13425-4AAB-43A5-BF03-D0D7E41861ED}.Debug|Any CPU.ActiveCfg = Debug|Any CPU
		{10D13425-4AAB-43A5-BF03-D0D7E41861ED}.Debug|Any CPU.Build.0 = Debug|Any CPU
		{10D13425-4AAB-43A5-BF03-D0D7E41861ED}.Release|Any CPU.ActiveCfg = Release|Any CPU
		{10D13425-4AAB-43A5-BF03-D0D7E41861ED}.Release|Any CPU.Build.0 = Release|Any CPU
	EndGlobalSection
	GlobalSection(SolutionProperties) = preSolution
		HideSolutionNode = FALSE
	EndGlobalSection
	GlobalSection(NestedProjects) = preSolution
		{67E30A3F-06B8-4748-B32A-58639AA73C09} = {677B1936-4907-43BC-B471-EA16D24CA449}
		{10D13425-4AAB-43A5-BF03-D0D7E41861ED} = {0E501234-B42C-43F2-88D6-2428BBE2824C}
	EndGlobalSection
	GlobalSection(ExtensibilityGlobals) = postSolution
		SolutionGuid = {71B7C263-4C8E-4E22-8440-4778516BB82C}
	EndGlobalSection
EndGlobal
